
Microsoft Visual Studio Solution File, Format Version 12.00
# Visual Studio Version 17
VisualStudioVersion = 17.8.34330.188
MinimumVisualStudioVersion = 10.0.40219.1
Project("{FAE04EC0-301F-11D3-BF4B-00C04F79EFBC}") = "UnoServer", "UnoServer.csproj", "{7F2D1015-582A-4946-A91B-C66FA525AA22}"
EndProject
Global
	GlobalSection(SolutionConfigurationPlatforms) = preSolution
		Debug|Any CPU = Debug|Any CPU
		Release|Any CPU = Release|Any CPU
	EndGlobalSection
	GlobalSection(ProjectConfigurationPlatforms) = postSolution
		{7F2D1015-582A-4946-A91B-C66FA525AA22}.Debug|Any CPU.ActiveCfg = Debug|Any CPU
		{7F2D1015-582A-4946-A91B-C66FA525AA22}.Debug|Any CPU.Build.0 = Debug|Any CPU
		{7F2D1015-582A-4946-A91B-C66FA525AA22}.Release|Any CPU.ActiveCfg = Release|Any CPU
		{7F2D1015-582A-4946-A91B-C66FA525AA22}.Release|Any CPU.Build.0 = Release|Any CPU
	EndGlobalSection
	GlobalSection(SolutionProperties) = preSolution
		HideSolutionNode = FALSE
	EndGlobalSection
	GlobalSection(ExtensibilityGlobals) = postSolution
		SolutionGuid = {3C49DFF1-8F06-42C2-8F80-0D73713FEC48}
	EndGlobalSection
EndGlobal
