
Microsoft Visual Studio Solution File, Format Version 12.00
Project("{FAE04EC0-301F-11D3-BF4B-00C04F79EFBC}") = "uno", "uno.csproj", "{90366E7A-6B43-48EC-9BA8-90D0A22E58B0}"
EndProject
Global
	GlobalSection(SolutionConfigurationPlatforms) = preSolution
		Debug|Any CPU = Debug|Any CPU
		Release|Any CPU = Release|Any CPU
	EndGlobalSection
	GlobalSection(ProjectConfigurationPlatforms) = postSolution
		{90366E7A-6B43-48EC-9BA8-90D0A22E58B0}.Debug|Any CPU.ActiveCfg = Debug|Any CPU
		{90366E7A-6B43-48EC-9BA8-90D0A22E58B0}.Debug|Any CPU.Build.0 = Debug|Any CPU
		{90366E7A-6B43-48EC-9BA8-90D0A22E58B0}.Release|Any CPU.ActiveCfg = Release|Any CPU
		{90366E7A-6B43-48EC-9BA8-90D0A22E58B0}.Release|Any CPU.Build.0 = Release|Any CPU
	EndGlobalSection
EndGlobal
