
Microsoft Visual Studio Solution File, Format Version 12.00
Project("{FAE04EC0-301F-11D3-BF4B-00C04F79EFBC}") = "Uno", "Uno.csproj", "{887D1CED-72B2-405B-8755-1FBF280F285B}"
EndProject
Global
	GlobalSection(SolutionConfigurationPlatforms) = preSolution
		Debug|Any CPU = Debug|Any CPU
		Release|Any CPU = Release|Any CPU
	EndGlobalSection
	GlobalSection(ProjectConfigurationPlatforms) = postSolution
		{887D1CED-72B2-405B-8755-1FBF280F285B}.Debug|Any CPU.ActiveCfg = Debug|Any CPU
		{887D1CED-72B2-405B-8755-1FBF280F285B}.Debug|Any CPU.Build.0 = Debug|Any CPU
		{887D1CED-72B2-405B-8755-1FBF280F285B}.Release|Any CPU.ActiveCfg = Release|Any CPU
		{887D1CED-72B2-405B-8755-1FBF280F285B}.Release|Any CPU.Build.0 = Release|Any CPU
	EndGlobalSection
EndGlobal
