
Microsoft Visual Studio Solution File, Format Version 12.00
Project("{FAE04EC0-301F-11D3-BF4B-00C04F79EFBC}") = "Uno", "Uno.csproj", "{11A06BC2-6F29-4D85-96EB-5EEEB855695B}"
EndProject
Global
	GlobalSection(SolutionConfigurationPlatforms) = preSolution
		Debug|Any CPU = Debug|Any CPU
		Release|Any CPU = Release|Any CPU
	EndGlobalSection
	GlobalSection(ProjectConfigurationPlatforms) = postSolution
		{11A06BC2-6F29-4D85-96EB-5EEEB855695B}.Debug|Any CPU.ActiveCfg = Debug|Any CPU
		{11A06BC2-6F29-4D85-96EB-5EEEB855695B}.Debug|Any CPU.Build.0 = Debug|Any CPU
		{11A06BC2-6F29-4D85-96EB-5EEEB855695B}.Release|Any CPU.ActiveCfg = Release|Any CPU
		{11A06BC2-6F29-4D85-96EB-5EEEB855695B}.Release|Any CPU.Build.0 = Release|Any CPU
	EndGlobalSection
EndGlobal
