
Microsoft Visual Studio Solution File, Format Version 12.00
# Visual Studio Version 17
VisualStudioVersion = 17.8.34330.188
MinimumVisualStudioVersion = 10.0.40219.1
Project("{FAE04EC0-301F-11D3-BF4B-00C04F79EFBC}") = "UnoAIPS.Server", "UnoAIPS.Server\UnoAIPS.Server.csproj", "{80DFDF64-FF36-435F-BC4B-B34C387B9B94}"
EndProject
Project("{54A90642-561A-4BB1-A94E-469ADEE60C69}") = "unoaips.client", "unoaips.client\unoaips.client.esproj", "{3F5CFAA6-8A18-496F-80FE-11E848B80A13}"
EndProject
Global
	GlobalSection(SolutionConfigurationPlatforms) = preSolution
		Debug|Any CPU = Debug|Any CPU
		Release|Any CPU = Release|Any CPU
	EndGlobalSection
	GlobalSection(ProjectConfigurationPlatforms) = postSolution
		{80DFDF64-FF36-435F-BC4B-B34C387B9B94}.Debug|Any CPU.ActiveCfg = Debug|Any CPU
		{80DFDF64-FF36-435F-BC4B-B34C387B9B94}.Debug|Any CPU.Build.0 = Debug|Any CPU
		{80DFDF64-FF36-435F-BC4B-B34C387B9B94}.Release|Any CPU.ActiveCfg = Release|Any CPU
		{80DFDF64-FF36-435F-BC4B-B34C387B9B94}.Release|Any CPU.Build.0 = Release|Any CPU
		{3F5CFAA6-8A18-496F-80FE-11E848B80A13}.Debug|Any CPU.ActiveCfg = Debug|Any CPU
		{3F5CFAA6-8A18-496F-80FE-11E848B80A13}.Debug|Any CPU.Build.0 = Debug|Any CPU
		{3F5CFAA6-8A18-496F-80FE-11E848B80A13}.Debug|Any CPU.Deploy.0 = Debug|Any CPU
		{3F5CFAA6-8A18-496F-80FE-11E848B80A13}.Release|Any CPU.ActiveCfg = Release|Any CPU
		{3F5CFAA6-8A18-496F-80FE-11E848B80A13}.Release|Any CPU.Build.0 = Release|Any CPU
		{3F5CFAA6-8A18-496F-80FE-11E848B80A13}.Release|Any CPU.Deploy.0 = Release|Any CPU
	EndGlobalSection
	GlobalSection(SolutionProperties) = preSolution
		HideSolutionNode = FALSE
	EndGlobalSection
	GlobalSection(ExtensibilityGlobals) = postSolution
		SolutionGuid = {2C4D41EA-6FB5-49A5-AC9B-CF8BD93C2E2E}
	EndGlobalSection
EndGlobal
